
Microsoft Visual Studio Solution File, Format Version 12.00
# Visual Studio 15
VisualStudioVersion = 15.0.28307.329
MinimumVisualStudioVersion = 10.0.40219.1
Project("{FAE04EC0-301F-11D3-BF4B-00C04F79EFBC}") = "EMI", "EMI\EMI.csproj", "{A015AA54-7448-4A36-B9BF-3832714617C1}"
EndProject
Global
	GlobalSection(SolutionConfigurationPlatforms) = preSolution
		Debug|Any CPU = Debug|Any CPU
		Release|Any CPU = Release|Any CPU
	EndGlobalSection
	GlobalSection(ProjectConfigurationPlatforms) = postSolution
		{A015AA54-7448-4A36-B9BF-3832714617C1}.Debug|Any CPU.ActiveCfg = Debug|Any CPU
		{A015AA54-7448-4A36-B9BF-3832714617C1}.Debug|Any CPU.Build.0 = Debug|Any CPU
		{A015AA54-7448-4A36-B9BF-3832714617C1}.Release|Any CPU.ActiveCfg = Release|Any CPU
		{A015AA54-7448-4A36-B9BF-3832714617C1}.Release|Any CPU.Build.0 = Release|Any CPU
	EndGlobalSection
	GlobalSection(SolutionProperties) = preSolution
		HideSolutionNode = FALSE
	EndGlobalSection
	GlobalSection(ExtensibilityGlobals) = postSolution
		SolutionGuid = {3A5AF992-FC3B-4511-B5B9-D553C2B0E2C0}
	EndGlobalSection
EndGlobal
